// !$*UTF8*$!
{
	archiveVersion = 1;
	classes = {
	};
	objectVersion = 56;
	objects = {

/* Begin PBXBuildFile section */
		D852A8C62B3D02A3005C61C5 /* AppDelegate.swift in Sources */ = {isa = PBXBuildFile; fileRef = D852A8C52B3D02A3005C61C5 /* AppDelegate.swift */; };
		D852A8C82B3D02A3005C61C5 /* SceneDelegate.swift in Sources */ = {isa = PBXBuildFile; fileRef = D852A8C72B3D02A3005C61C5 /* SceneDelegate.swift */; };
		D852A8CA2B3D02A3005C61C5 /* ViewController.swift in Sources */ = {isa = PBXBuildFile; fileRef = D852A8C92B3D02A3005C61C5 /* ViewController.swift */; };
		D852A8CD2B3D02A3005C61C5 /* Main.storyboard in Resources */ = {isa = PBXBuildFile; fileRef = D852A8CB2B3D02A3005C61C5 /* Main.storyboard */; };
		D852A8CF2B3D02A6005C61C5 /* Assets.xcassets in Resources */ = {isa = PBXBuildFile; fileRef = D852A8CE2B3D02A6005C61C5 /* Assets.xcassets */; };
		D852A8D22B3D02A6005C61C5 /* LaunchScreen.storyboard in Resources */ = {isa = PBXBuildFile; fileRef = D852A8D02B3D02A6005C61C5 /* LaunchScreen.storyboard */; };
		D852A8DD2B3D02A6005C61C5 /* SeSACAppleLoginTests.swift in Sources */ = {isa = PBXBuildFile; fileRef = D852A8DC2B3D02A6005C61C5 /* SeSACAppleLoginTests.swift */; };
		D852A8E72B3D02A6005C61C5 /* SeSACAppleLoginUITests.swift in Sources */ = {isa = PBXBuildFile; fileRef = D852A8E62B3D02A6005C61C5 /* SeSACAppleLoginUITests.swift */; };
		D852A8E92B3D02A6005C61C5 /* SeSACAppleLoginUITestsLaunchTests.swift in Sources */ = {isa = PBXBuildFile; fileRef = D852A8E82B3D02A6005C61C5 /* SeSACAppleLoginUITestsLaunchTests.swift */; };
/* End PBXBuildFile section */

/* Begin PBXContainerItemProxy section */
		D852A8D92B3D02A6005C61C5 /* PBXContainerItemProxy */ = {
			isa = PBXContainerItemProxy;
			containerPortal = D852A8BA2B3D02A3005C61C5 /* Project object */;
			proxyType = 1;
			remoteGlobalIDString = D852A8C12B3D02A3005C61C5;
			remoteInfo = SeSACAppleLogin;
		};
		D852A8E32B3D02A6005C61C5 /* PBXContainerItemProxy */ = {
			isa = PBXContainerItemProxy;
			containerPortal = D852A8BA2B3D02A3005C61C5 /* Project object */;
			proxyType = 1;
			remoteGlobalIDString = D852A8C12B3D02A3005C61C5;
			remoteInfo = SeSACAppleLogin;
		};
/* End PBXContainerItemProxy section */

/* Begin PBXFileReference section */
		D852A8C22B3D02A3005C61C5 /* SeSACAppleLogin.app */ = {isa = PBXFileReference; explicitFileType = wrapper.application; includeInIndex = 0; path = SeSACAppleLogin.app; sourceTree = BUILT_PRODUCTS_DIR; };
		D852A8C52B3D02A3005C61C5 /* AppDelegate.swift */ = {isa = PBXFileReference; lastKnownFileType = sourcecode.swift; path = AppDelegate.swift; sourceTree = "<group>"; };
		D852A8C72B3D02A3005C61C5 /* SceneDelegate.swift */ = {isa = PBXFileReference; lastKnownFileType = sourcecode.swift; path = SceneDelegate.swift; sourceTree = "<group>"; };
		D852A8C92B3D02A3005C61C5 /* ViewController.swift */ = {isa = PBXFileReference; lastKnownFileType = sourcecode.swift; path = ViewController.swift; sourceTree = "<group>"; };
		D852A8CC2B3D02A3005C61C5 /* Base */ = {isa = PBXFileReference; lastKnownFileType = file.storyboard; name = Base; path = Base.lproj/Main.storyboard; sourceTree = "<group>"; };
		D852A8CE2B3D02A6005C61C5 /* Assets.xcassets */ = {isa = PBXFileReference; lastKnownFileType = folder.assetcatalog; path = Assets.xcassets; sourceTree = "<group>"; };
		D852A8D12B3D02A6005C61C5 /* Base */ = {isa = PBXFileReference; lastKnownFileType = file.storyboard; name = Base; path = Base.lproj/LaunchScreen.storyboard; sourceTree = "<group>"; };
		D852A8D32B3D02A6005C61C5 /* Info.plist */ = {isa = PBXFileReference; lastKnownFileType = text.plist.xml; path = Info.plist; sourceTree = "<group>"; };
		D852A8D82B3D02A6005C61C5 /* SeSACAppleLoginTests.xctest */ = {isa = PBXFileReference; explicitFileType = wrapper.cfbundle; includeInIndex = 0; path = SeSACAppleLoginTests.xctest; sourceTree = BUILT_PRODUCTS_DIR; };
		D852A8DC2B3D02A6005C61C5 /* SeSACAppleLoginTests.swift */ = {isa = PBXFileReference; lastKnownFileType = sourcecode.swift; path = SeSACAppleLoginTests.swift; sourceTree = "<group>"; };
		D852A8E22B3D02A6005C61C5 /* SeSACAppleLoginUITests.xctest */ = {isa = PBXFileReference; explicitFileType = wrapper.cfbundle; includeInIndex = 0; path = SeSACAppleLoginUITests.xctest; sourceTree = BUILT_PRODUCTS_DIR; };
		D852A8E62B3D02A6005C61C5 /* SeSACAppleLoginUITests.swift */ = {isa = PBXFileReference; lastKnownFileType = sourcecode.swift; path = SeSACAppleLoginUITests.swift; sourceTree = "<group>"; };
		D852A8E82B3D02A6005C61C5 /* SeSACAppleLoginUITestsLaunchTests.swift */ = {isa = PBXFileReference; lastKnownFileType = sourcecode.swift; path = SeSACAppleLoginUITestsLaunchTests.swift; sourceTree = "<group>"; };
		D852A8F52B3D0C1E005C61C5 /* SeSACAppleLogin.entitlements */ = {isa = PBXFileReference; lastKnownFileType = text.plist.entitlements; path = SeSACAppleLogin.entitlements; sourceTree = "<group>"; };
/* End PBXFileReference section */

/* Begin PBXFrameworksBuildPhase section */
		D852A8BF2B3D02A3005C61C5 /* Frameworks */ = {
			isa = PBXFrameworksBuildPhase;
			buildActionMask = 2147483647;
			files = (
			);
			runOnlyForDeploymentPostprocessing = 0;
		};
		D852A8D52B3D02A6005C61C5 /* Frameworks */ = {
			isa = PBXFrameworksBuildPhase;
			buildActionMask = 2147483647;
			files = (
			);
			runOnlyForDeploymentPostprocessing = 0;
		};
		D852A8DF2B3D02A6005C61C5 /* Frameworks */ = {
			isa = PBXFrameworksBuildPhase;
			buildActionMask = 2147483647;
			files = (
			);
			runOnlyForDeploymentPostprocessing = 0;
		};
/* End PBXFrameworksBuildPhase section */

/* Begin PBXGroup section */
		D852A8B92B3D02A3005C61C5 = {
			isa = PBXGroup;
			children = (
				D852A8C42B3D02A3005C61C5 /* SeSACAppleLogin */,
				D852A8DB2B3D02A6005C61C5 /* SeSACAppleLoginTests */,
				D852A8E52B3D02A6005C61C5 /* SeSACAppleLoginUITests */,
				D852A8C32B3D02A3005C61C5 /* Products */,
			);
			sourceTree = "<group>";
		};
		D852A8C32B3D02A3005C61C5 /* Products */ = {
			isa = PBXGroup;
			children = (
				D852A8C22B3D02A3005C61C5 /* SeSACAppleLogin.app */,
				D852A8D82B3D02A6005C61C5 /* SeSACAppleLoginTests.xctest */,
				D852A8E22B3D02A6005C61C5 /* SeSACAppleLoginUITests.xctest */,
			);
			name = Products;
			sourceTree = "<group>";
		};
		D852A8C42B3D02A3005C61C5 /* SeSACAppleLogin */ = {
			isa = PBXGroup;
			children = (
				D852A8F52B3D0C1E005C61C5 /* SeSACAppleLogin.entitlements */,
				D852A8C52B3D02A3005C61C5 /* AppDelegate.swift */,
				D852A8C72B3D02A3005C61C5 /* SceneDelegate.swift */,
				D852A8C92B3D02A3005C61C5 /* ViewController.swift */,
				D852A8CB2B3D02A3005C61C5 /* Main.storyboard */,
				D852A8CE2B3D02A6005C61C5 /* Assets.xcassets */,
				D852A8D02B3D02A6005C61C5 /* LaunchScreen.storyboard */,
				D852A8D32B3D02A6005C61C5 /* Info.plist */,
			);
			path = SeSACAppleLogin;
			sourceTree = "<group>";
		};
		D852A8DB2B3D02A6005C61C5 /* SeSACAppleLoginTests */ = {
			isa = PBXGroup;
			children = (
				D852A8DC2B3D02A6005C61C5 /* SeSACAppleLoginTests.swift */,
			);
			path = SeSACAppleLoginTests;
			sourceTree = "<group>";
		};
		D852A8E52B3D02A6005C61C5 /* SeSACAppleLoginUITests */ = {
			isa = PBXGroup;
			children = (
				D852A8E62B3D02A6005C61C5 /* SeSACAppleLoginUITests.swift */,
				D852A8E82B3D02A6005C61C5 /* SeSACAppleLoginUITestsLaunchTests.swift */,
			);
			path = SeSACAppleLoginUITests;
			sourceTree = "<group>";
		};
/* End PBXGroup section */

/* Begin PBXNativeTarget section */
		D852A8C12B3D02A3005C61C5 /* SeSACAppleLogin */ = {
			isa = PBXNativeTarget;
			buildConfigurationList = D852A8EC2B3D02A6005C61C5 /* Build configuration list for PBXNativeTarget "SeSACAppleLogin" */;
			buildPhases = (
				D852A8BE2B3D02A3005C61C5 /* Sources */,
				D852A8BF2B3D02A3005C61C5 /* Frameworks */,
				D852A8C02B3D02A3005C61C5 /* Resources */,
			);
			buildRules = (
			);
			dependencies = (
			);
			name = SeSACAppleLogin;
			productName = SeSACAppleLogin;
			productReference = D852A8C22B3D02A3005C61C5 /* SeSACAppleLogin.app */;
			productType = "com.apple.product-type.application";
		};
		D852A8D72B3D02A6005C61C5 /* SeSACAppleLoginTests */ = {
			isa = PBXNativeTarget;
			buildConfigurationList = D852A8EF2B3D02A6005C61C5 /* Build configuration list for PBXNativeTarget "SeSACAppleLoginTests" */;
			buildPhases = (
				D852A8D42B3D02A6005C61C5 /* Sources */,
				D852A8D52B3D02A6005C61C5 /* Frameworks */,
				D852A8D62B3D02A6005C61C5 /* Resources */,
			);
			buildRules = (
			);
			dependencies = (
				D852A8DA2B3D02A6005C61C5 /* PBXTargetDependency */,
			);
			name = SeSACAppleLoginTests;
			productName = SeSACAppleLoginTests;
			productReference = D852A8D82B3D02A6005C61C5 /* SeSACAppleLoginTests.xctest */;
			productType = "com.apple.product-type.bundle.unit-test";
		};
		D852A8E12B3D02A6005C61C5 /* SeSACAppleLoginUITests */ = {
			isa = PBXNativeTarget;
			buildConfigurationList = D852A8F22B3D02A6005C61C5 /* Build configuration list for PBXNativeTarget "SeSACAppleLoginUITests" */;
			buildPhases = (
				D852A8DE2B3D02A6005C61C5 /* Sources */,
				D852A8DF2B3D02A6005C61C5 /* Frameworks */,
				D852A8E02B3D02A6005C61C5 /* Resources */,
			);
			buildRules = (
			);
			dependencies = (
				D852A8E42B3D02A6005C61C5 /* PBXTargetDependency */,
			);
			name = SeSACAppleLoginUITests;
			productName = SeSACAppleLoginUITests;
			productReference = D852A8E22B3D02A6005C61C5 /* SeSACAppleLoginUITests.xctest */;
			productType = "com.apple.product-type.bundle.ui-testing";
		};
/* End PBXNativeTarget section */

/* Begin PBXProject section */
		D852A8BA2B3D02A3005C61C5 /* Project object */ = {
			isa = PBXProject;
			attributes = {
				BuildIndependentTargetsInParallel = 1;
				LastSwiftUpdateCheck = 1510;
				LastUpgradeCheck = 1510;
				TargetAttributes = {
					D852A8C12B3D02A3005C61C5 = {
						CreatedOnToolsVersion = 15.1;
					};
					D852A8D72B3D02A6005C61C5 = {
						CreatedOnToolsVersion = 15.1;
						TestTargetID = D852A8C12B3D02A3005C61C5;
					};
					D852A8E12B3D02A6005C61C5 = {
						CreatedOnToolsVersion = 15.1;
						TestTargetID = D852A8C12B3D02A3005C61C5;
					};
				};
			};
			buildConfigurationList = D852A8BD2B3D02A3005C61C5 /* Build configuration list for PBXProject "SeSACAppleLogin" */;
			compatibilityVersion = "Xcode 14.0";
			developmentRegion = en;
			hasScannedForEncodings = 0;
			knownRegions = (
				en,
				Base,
			);
			mainGroup = D852A8B92B3D02A3005C61C5;
			productRefGroup = D852A8C32B3D02A3005C61C5 /* Products */;
			projectDirPath = "";
			projectRoot = "";
			targets = (
				D852A8C12B3D02A3005C61C5 /* SeSACAppleLogin */,
				D852A8D72B3D02A6005C61C5 /* SeSACAppleLoginTests */,
				D852A8E12B3D02A6005C61C5 /* SeSACAppleLoginUITests */,
			);
		};
/* End PBXProject section */

/* Begin PBXResourcesBuildPhase section */
		D852A8C02B3D02A3005C61C5 /* Resources */ = {
			isa = PBXResourcesBuildPhase;
			buildActionMask = 2147483647;
			files = (
				D852A8D22B3D02A6005C61C5 /* LaunchScreen.storyboard in Resources */,
				D852A8CF2B3D02A6005C61C5 /* Assets.xcassets in Resources */,
				D852A8CD2B3D02A3005C61C5 /* Main.storyboard in Resources */,
			);
			runOnlyForDeploymentPostprocessing = 0;
		};
		D852A8D62B3D02A6005C61C5 /* Resources */ = {
			isa = PBXResourcesBuildPhase;
			buildActionMask = 2147483647;
			files = (
			);
			runOnlyForDeploymentPostprocessing = 0;
		};
		D852A8E02B3D02A6005C61C5 /* Resources */ = {
			isa = PBXResourcesBuildPhase;
			buildActionMask = 2147483647;
			files = (
			);
			runOnlyForDeploymentPostprocessing = 0;
		};
/* End PBXResourcesBuildPhase section */

/* Begin PBXSourcesBuildPhase section */
		D852A8BE2B3D02A3005C61C5 /* Sources */ = {
			isa = PBXSourcesBuildPhase;
			buildActionMask = 2147483647;
			files = (
				D852A8CA2B3D02A3005C61C5 /* ViewController.swift in Sources */,
				D852A8C62B3D02A3005C61C5 /* AppDelegate.swift in Sources */,
				D852A8C82B3D02A3005C61C5 /* SceneDelegate.swift in Sources */,
			);
			runOnlyForDeploymentPostprocessing = 0;
		};
		D852A8D42B3D02A6005C61C5 /* Sources */ = {
			isa = PBXSourcesBuildPhase;
			buildActionMask = 2147483647;
			files = (
				D852A8DD2B3D02A6005C61C5 /* SeSACAppleLoginTests.swift in Sources */,
			);
			runOnlyForDeploymentPostprocessing = 0;
		};
		D852A8DE2B3D02A6005C61C5 /* Sources */ = {
			isa = PBXSourcesBuildPhase;
			buildActionMask = 2147483647;
			files = (
				D852A8E72B3D02A6005C61C5 /* SeSACAppleLoginUITests.swift in Sources */,
				D852A8E92B3D02A6005C61C5 /* SeSACAppleLoginUITestsLaunchTests.swift in Sources */,
			);
			runOnlyForDeploymentPostprocessing = 0;
		};
/* End PBXSourcesBuildPhase section */

/* Begin PBXTargetDependency section */
		D852A8DA2B3D02A6005C61C5 /* PBXTargetDependency */ = {
			isa = PBXTargetDependency;
			target = D852A8C12B3D02A3005C61C5 /* SeSACAppleLogin */;
			targetProxy = D852A8D92B3D02A6005C61C5 /* PBXContainerItemProxy */;
		};
		D852A8E42B3D02A6005C61C5 /* PBXTargetDependency */ = {
			isa = PBXTargetDependency;
			target = D852A8C12B3D02A3005C61C5 /* SeSACAppleLogin */;
			targetProxy = D852A8E32B3D02A6005C61C5 /* PBXContainerItemProxy */;
		};
/* End PBXTargetDependency section */

/* Begin PBXVariantGroup section */
		D852A8CB2B3D02A3005C61C5 /* Main.storyboard */ = {
			isa = PBXVariantGroup;
			children = (
				D852A8CC2B3D02A3005C61C5 /* Base */,
			);
			name = Main.storyboard;
			sourceTree = "<group>";
		};
		D852A8D02B3D02A6005C61C5 /* LaunchScreen.storyboard */ = {
			isa = PBXVariantGroup;
			children = (
				D852A8D12B3D02A6005C61C5 /* Base */,
			);
			name = LaunchScreen.storyboard;
			sourceTree = "<group>";
		};
/* End PBXVariantGroup section */

/* Begin XCBuildConfiguration section */
		D852A8EA2B3D02A6005C61C5 /* Debug */ = {
			isa = XCBuildConfiguration;
			buildSettings = {
				ALWAYS_SEARCH_USER_PATHS = NO;
				ASSETCATALOG_COMPILER_GENERATE_SWIFT_ASSET_SYMBOL_EXTENSIONS = YES;
				CLANG_ANALYZER_NONNULL = YES;
				CLANG_ANALYZER_NUMBER_OBJECT_CONVERSION = YES_AGGRESSIVE;
				CLANG_CXX_LANGUAGE_STANDARD = "gnu++20";
				CLANG_ENABLE_MODULES = YES;
				CLANG_ENABLE_OBJC_ARC = YES;
				CLANG_ENABLE_OBJC_WEAK = YES;
				CLANG_WARN_BLOCK_CAPTURE_AUTORELEASING = YES;
				CLANG_WARN_BOOL_CONVERSION = YES;
				CLANG_WARN_COMMA = YES;
				CLANG_WARN_CONSTANT_CONVERSION = YES;
				CLANG_WARN_DEPRECATED_OBJC_IMPLEMENTATIONS = YES;
				CLANG_WARN_DIRECT_OBJC_ISA_USAGE = YES_ERROR;
				CLANG_WARN_DOCUMENTATION_COMMENTS = YES;
				CLANG_WARN_EMPTY_BODY = YES;
				CLANG_WARN_ENUM_CONVERSION = YES;
				CLANG_WARN_INFINITE_RECURSION = YES;
				CLANG_WARN_INT_CONVERSION = YES;
				CLANG_WARN_NON_LITERAL_NULL_CONVERSION = YES;
				CLANG_WARN_OBJC_IMPLICIT_RETAIN_SELF = YES;
				CLANG_WARN_OBJC_LITERAL_CONVERSION = YES;
				CLANG_WARN_OBJC_ROOT_CLASS = YES_ERROR;
				CLANG_WARN_QUOTED_INCLUDE_IN_FRAMEWORK_HEADER = YES;
				CLANG_WARN_RANGE_LOOP_ANALYSIS = YES;
				CLANG_WARN_STRICT_PROTOTYPES = YES;
				CLANG_WARN_SUSPICIOUS_MOVE = YES;
				CLANG_WARN_UNGUARDED_AVAILABILITY = YES_AGGRESSIVE;
				CLANG_WARN_UNREACHABLE_CODE = YES;
				CLANG_WARN__DUPLICATE_METHOD_MATCH = YES;
				COPY_PHASE_STRIP = NO;
				DEBUG_INFORMATION_FORMAT = dwarf;
				ENABLE_STRICT_OBJC_MSGSEND = YES;
				ENABLE_TESTABILITY = YES;
				ENABLE_USER_SCRIPT_SANDBOXING = YES;
				GCC_C_LANGUAGE_STANDARD = gnu17;
				GCC_DYNAMIC_NO_PIC = NO;
				GCC_NO_COMMON_BLOCKS = YES;
				GCC_OPTIMIZATION_LEVEL = 0;
				GCC_PREPROCESSOR_DEFINITIONS = (
					"DEBUG=1",
					"$(inherited)",
				);
				GCC_WARN_64_TO_32_BIT_CONVERSION = YES;
				GCC_WARN_ABOUT_RETURN_TYPE = YES_ERROR;
				GCC_WARN_UNDECLARED_SELECTOR = YES;
				GCC_WARN_UNINITIALIZED_AUTOS = YES_AGGRESSIVE;
				GCC_WARN_UNUSED_FUNCTION = YES;
				GCC_WARN_UNUSED_VARIABLE = YES;
				IPHONEOS_DEPLOYMENT_TARGET = 17.2;
				LOCALIZATION_PREFERS_STRING_CATALOGS = YES;
				MTL_ENABLE_DEBUG_INFO = INCLUDE_SOURCE;
				MTL_FAST_MATH = YES;
				ONLY_ACTIVE_ARCH = YES;
				SDKROOT = iphoneos;
				SWIFT_ACTIVE_COMPILATION_CONDITIONS = "DEBUG $(inherited)";
				SWIFT_OPTIMIZATION_LEVEL = "-Onone";
			};
			name = Debug;
		};
		D852A8EB2B3D02A6005C61C5 /* Release */ = {
			isa = XCBuildConfiguration;
			buildSettings = {
				ALWAYS_SEARCH_USER_PATHS = NO;
				ASSETCATALOG_COMPILER_GENERATE_SWIFT_ASSET_SYMBOL_EXTENSIONS = YES;
				CLANG_ANALYZER_NONNULL = YES;
				CLANG_ANALYZER_NUMBER_OBJECT_CONVERSION = YES_AGGRESSIVE;
				CLANG_CXX_LANGUAGE_STANDARD = "gnu++20";
				CLANG_ENABLE_MODULES = YES;
				CLANG_ENABLE_OBJC_ARC = YES;
				CLANG_ENABLE_OBJC_WEAK = YES;
				CLANG_WARN_BLOCK_CAPTURE_AUTORELEASING = YES;
				CLANG_WARN_BOOL_CONVERSION = YES;
				CLANG_WARN_COMMA = YES;
				CLANG_WARN_CONSTANT_CONVERSION = YES;
				CLANG_WARN_DEPRECATED_OBJC_IMPLEMENTATIONS = YES;
				CLANG_WARN_DIRECT_OBJC_ISA_USAGE = YES_ERROR;
				CLANG_WARN_DOCUMENTATION_COMMENTS = YES;
				CLANG_WARN_EMPTY_BODY = YES;
				CLANG_WARN_ENUM_CONVERSION = YES;
				CLANG_WARN_INFINITE_RECURSION = YES;
				CLANG_WARN_INT_CONVERSION = YES;
				CLANG_WARN_NON_LITERAL_NULL_CONVERSION = YES;
				CLANG_WARN_OBJC_IMPLICIT_RETAIN_SELF = YES;
				CLANG_WARN_OBJC_LITERAL_CONVERSION = YES;
				CLANG_WARN_OBJC_ROOT_CLASS = YES_ERROR;
				CLANG_WARN_QUOTED_INCLUDE_IN_FRAMEWORK_HEADER = YES;
				CLANG_WARN_RANGE_LOOP_ANALYSIS = YES;
				CLANG_WARN_STRICT_PROTOTYPES = YES;
				CLANG_WARN_SUSPICIOUS_MOVE = YES;
				CLANG_WARN_UNGUARDED_AVAILABILITY = YES_AGGRESSIVE;
				CLANG_WARN_UNREACHABLE_CODE = YES;
				CLANG_WARN__DUPLICATE_METHOD_MATCH = YES;
				COPY_PHASE_STRIP = NO;
				DEBUG_INFORMATION_FORMAT = "dwarf-with-dsym";
				ENABLE_NS_ASSERTIONS = NO;
				ENABLE_STRICT_OBJC_MSGSEND = YES;
				ENABLE_USER_SCRIPT_SANDBOXING = YES;
				GCC_C_LANGUAGE_STANDARD = gnu17;
				GCC_NO_COMMON_BLOCKS = YES;
				GCC_WARN_64_TO_32_BIT_CONVERSION = YES;
				GCC_WARN_ABOUT_RETURN_TYPE = YES_ERROR;
				GCC_WARN_UNDECLARED_SELECTOR = YES;
				GCC_WARN_UNINITIALIZED_AUTOS = YES_AGGRESSIVE;
				GCC_WARN_UNUSED_FUNCTION = YES;
				GCC_WARN_UNUSED_VARIABLE = YES;
				IPHONEOS_DEPLOYMENT_TARGET = 17.2;
				LOCALIZATION_PREFERS_STRING_CATALOGS = YES;
				MTL_ENABLE_DEBUG_INFO = NO;
				MTL_FAST_MATH = YES;
				SDKROOT = iphoneos;
				SWIFT_COMPILATION_MODE = wholemodule;
				VALIDATE_PRODUCT = YES;
			};
			name = Release;
		};
		D852A8ED2B3D02A6005C61C5 /* Debug */ = {
			isa = XCBuildConfiguration;
			buildSettings = {
				ASSETCATALOG_COMPILER_APPICON_NAME = AppIcon;
				ASSETCATALOG_COMPILER_GLOBAL_ACCENT_COLOR_NAME = AccentColor;
				CODE_SIGN_ENTITLEMENTS = SeSACAppleLogin/SeSACAppleLogin.entitlements;
				CODE_SIGN_STYLE = Automatic;
				CURRENT_PROJECT_VERSION = 1;
				DEVELOPMENT_TEAM = AM9D6522QR;
				GENERATE_INFOPLIST_FILE = YES;
				INFOPLIST_FILE = SeSACAppleLogin/Info.plist;
				INFOPLIST_KEY_UIApplicationSupportsIndirectInputEvents = YES;
				INFOPLIST_KEY_UILaunchStoryboardName = LaunchScreen;
				INFOPLIST_KEY_UIMainStoryboardFile = Main;
				INFOPLIST_KEY_UISupportedInterfaceOrientations_iPad = "UIInterfaceOrientationPortrait UIInterfaceOrientationPortraitUpsideDown UIInterfaceOrientationLandscapeLeft UIInterfaceOrientationLandscapeRight";
				INFOPLIST_KEY_UISupportedInterfaceOrientations_iPhone = "UIInterfaceOrientationPortrait UIInterfaceOrientationLandscapeLeft UIInterfaceOrientationLandscapeRight";
				LD_RUNPATH_SEARCH_PATHS = (
					"$(inherited)",
					"@executable_path/Frameworks",
				);
				MARKETING_VERSION = 1.0;
				PRODUCT_BUNDLE_IDENTIFIER = com.Sun.SeSACAppleLogin;
				PRODUCT_NAME = "$(TARGET_NAME)";
				SWIFT_EMIT_LOC_STRINGS = YES;
				SWIFT_VERSION = 5.0;
				TARGETED_DEVICE_FAMILY = "1,2";
			};
			name = Debug;
		};
		D852A8EE2B3D02A6005C61C5 /* Release */ = {
			isa = XCBuildConfiguration;
			buildSettings = {
				ASSETCATALOG_COMPILER_APPICON_NAME = AppIcon;
				ASSETCATALOG_COMPILER_GLOBAL_ACCENT_COLOR_NAME = AccentColor;
				CODE_SIGN_ENTITLEMENTS = SeSACAppleLogin/SeSACAppleLogin.entitlements;
				CODE_SIGN_STYLE = Automatic;
				CURRENT_PROJECT_VERSION = 1;
				DEVELOPMENT_TEAM = AM9D6522QR;
				GENERATE_INFOPLIST_FILE = YES;
				INFOPLIST_FILE = SeSACAppleLogin/Info.plist;
				INFOPLIST_KEY_UIApplicationSupportsIndirectInputEvents = YES;
				INFOPLIST_KEY_UILaunchStoryboardName = LaunchScreen;
				INFOPLIST_KEY_UIMainStoryboardFile = Main;
				INFOPLIST_KEY_UISupportedInterfaceOrientations_iPad = "UIInterfaceOrientationPortrait UIInterfaceOrientationPortraitUpsideDown UIInterfaceOrientationLandscapeLeft UIInterfaceOrientationLandscapeRight";
				INFOPLIST_KEY_UISupportedInterfaceOrientations_iPhone = "UIInterfaceOrientationPortrait UIInterfaceOrientationLandscapeLeft UIInterfaceOrientationLandscapeRight";
				LD_RUNPATH_SEARCH_PATHS = (
					"$(inherited)",
					"@executable_path/Frameworks",
				);
				MARKETING_VERSION = 1.0;
				PRODUCT_BUNDLE_IDENTIFIER = com.Sun.SeSACAppleLogin;
				PRODUCT_NAME = "$(TARGET_NAME)";
				SWIFT_EMIT_LOC_STRINGS = YES;
				SWIFT_VERSION = 5.0;
				TARGETED_DEVICE_FAMILY = "1,2";
			};
			name = Release;
		};
		D852A8F02B3D02A6005C61C5 /* Debug */ = {
			isa = XCBuildConfiguration;
			buildSettings = {
				ALWAYS_EMBED_SWIFT_STANDARD_LIBRARIES = YES;
				BUNDLE_LOADER = "$(TEST_HOST)";
				CODE_SIGN_STYLE = Automatic;
				CURRENT_PROJECT_VERSION = 1;
				DEVELOPMENT_TEAM = AM9D6522QR;
				GENERATE_INFOPLIST_FILE = YES;
				IPHONEOS_DEPLOYMENT_TARGET = 17.2;
				MARKETING_VERSION = 1.0;
				PRODUCT_BUNDLE_IDENTIFIER = com.Sun.SeSACAppleLoginTests;
				PRODUCT_NAME = "$(TARGET_NAME)";
				SWIFT_EMIT_LOC_STRINGS = NO;
				SWIFT_VERSION = 5.0;
				TARGETED_DEVICE_FAMILY = "1,2";
				TEST_HOST = "$(BUILT_PRODUCTS_DIR)/SeSACAppleLogin.app/$(BUNDLE_EXECUTABLE_FOLDER_PATH)/SeSACAppleLogin";
			};
			name = Debug;
		};
		D852A8F12B3D02A6005C61C5 /* Release */ = {
			isa = XCBuildConfiguration;
			buildSettings = {
				ALWAYS_EMBED_SWIFT_STANDARD_LIBRARIES = YES;
				BUNDLE_LOADER = "$(TEST_HOST)";
				CODE_SIGN_STYLE = Automatic;
				CURRENT_PROJECT_VERSION = 1;
				DEVELOPMENT_TEAM = AM9D6522QR;
				GENERATE_INFOPLIST_FILE = YES;
				IPHONEOS_DEPLOYMENT_TARGET = 17.2;
				MARKETING_VERSION = 1.0;
				PRODUCT_BUNDLE_IDENTIFIER = com.Sun.SeSACAppleLoginTests;
				PRODUCT_NAME = "$(TARGET_NAME)";
				SWIFT_EMIT_LOC_STRINGS = NO;
				SWIFT_VERSION = 5.0;
				TARGETED_DEVICE_FAMILY = "1,2";
				TEST_HOST = "$(BUILT_PRODUCTS_DIR)/SeSACAppleLogin.app/$(BUNDLE_EXECUTABLE_FOLDER_PATH)/SeSACAppleLogin";
			};
			name = Release;
		};
		D852A8F32B3D02A6005C61C5 /* Debug */ = {
			isa = XCBuildConfiguration;
			buildSettings = {
				ALWAYS_EMBED_SWIFT_STANDARD_LIBRARIES = YES;
				CODE_SIGN_STYLE = Automatic;
				CURRENT_PROJECT_VERSION = 1;
				DEVELOPMENT_TEAM = AM9D6522QR;
				GENERATE_INFOPLIST_FILE = YES;
				MARKETING_VERSION = 1.0;
				PRODUCT_BUNDLE_IDENTIFIER = com.Sun.SeSACAppleLoginUITests;
				PRODUCT_NAME = "$(TARGET_NAME)";
				SWIFT_EMIT_LOC_STRINGS = NO;
				SWIFT_VERSION = 5.0;
				TARGETED_DEVICE_FAMILY = "1,2";
				TEST_TARGET_NAME = SeSACAppleLogin;
			};
			name = Debug;
		};
		D852A8F42B3D02A6005C61C5 /* Release */ = {
			isa = XCBuildConfiguration;
			buildSettings = {
				ALWAYS_EMBED_SWIFT_STANDARD_LIBRARIES = YES;
				CODE_SIGN_STYLE = Automatic;
				CURRENT_PROJECT_VERSION = 1;
				DEVELOPMENT_TEAM = AM9D6522QR;
				GENERATE_INFOPLIST_FILE = YES;
				MARKETING_VERSION = 1.0;
				PRODUCT_BUNDLE_IDENTIFIER = com.Sun.SeSACAppleLoginUITests;
				PRODUCT_NAME = "$(TARGET_NAME)";
				SWIFT_EMIT_LOC_STRINGS = NO;
				SWIFT_VERSION = 5.0;
				TARGETED_DEVICE_FAMILY = "1,2";
				TEST_TARGET_NAME = SeSACAppleLogin;
			};
			name = Release;
		};
/* End XCBuildConfiguration section */

/* Begin XCConfigurationList section */
		D852A8BD2B3D02A3005C61C5 /* Build configuration list for PBXProject "SeSACAppleLogin" */ = {
			isa = XCConfigurationList;
			buildConfigurations = (
				D852A8EA2B3D02A6005C61C5 /* Debug */,
				D852A8EB2B3D02A6005C61C5 /* Release */,
			);
			defaultConfigurationIsVisible = 0;
			defaultConfigurationName = Release;
		};
		D852A8EC2B3D02A6005C61C5 /* Build configuration list for PBXNativeTarget "SeSACAppleLogin" */ = {
			isa = XCConfigurationList;
			buildConfigurations = (
				D852A8ED2B3D02A6005C61C5 /* Debug */,
				D852A8EE2B3D02A6005C61C5 /* Release */,
			);
			defaultConfigurationIsVisible = 0;
			defaultConfigurationName = Release;
		};
		D852A8EF2B3D02A6005C61C5 /* Build configuration list for PBXNativeTarget "SeSACAppleLoginTests" */ = {
			isa = XCConfigurationList;
			buildConfigurations = (
				D852A8F02B3D02A6005C61C5 /* Debug */,
				D852A8F12B3D02A6005C61C5 /* Release */,
			);
			defaultConfigurationIsVisible = 0;
			defaultConfigurationName = Release;
		};
		D852A8F22B3D02A6005C61C5 /* Build configuration list for PBXNativeTarget "SeSACAppleLoginUITests" */ = {
			isa = XCConfigurationList;
			buildConfigurations = (
				D852A8F32B3D02A6005C61C5 /* Debug */,
				D852A8F42B3D02A6005C61C5 /* Release */,
			);
			defaultConfigurationIsVisible = 0;
			defaultConfigurationName = Release;
		};
/* End XCConfigurationList section */
	};
	rootObject = D852A8BA2B3D02A3005C61C5 /* Project object */;
}
